{
  "originHash" : "189af609e6585f8ac30b8e437d90ab026a431aac8db281662d03e0510dc1eb19",
  "pins" : [
    {
      "identity" : "appauth-ios",
      "kind" : "remoteSourceControl",
      "location" : "https://github.com/openid/AppAuth-iOS.git",
      "state" : {
        "revision" : "2781038865a80e2c425a1da12cc1327bcd56501f",
        "version" : "1.7.6"
      }
    },
    {
      "identity" : "automerge-swift",
      "kind" : "remoteSourceControl",
      "location" : "https://github.com/automerge/automerge-swift.git",
      "state" : {
        "revision" : "aa45d17ac92cef2b8ded63b47e65a28dc85e3418",
        "version" : "0.7.2"
      }
    },
    {
      "identity" : "bitbytedata",
      "kind" : "remoteSourceControl",
      "location" : "https://github.com/tsolomko/BitByteData",
      "state" : {
        "revision" : "e1a5443be67daf0833cbb5f4fa3a06a265ca3105",
        "version" : "2.1.0"
      }
    },
    {
      "identity" : "swcompression",
      "kind" : "remoteSourceControl",
      "location" : "https://github.com/tsolomko/SWCompression.git",
      "state" : {
        "revision" : "03a68e67991815a267e28174a0a01fbe0cff937b",
        "version" : "4.9.1"
      }
    },
    {
      "identity" : "swift-asn1",
      "kind" : "remoteSourceControl",
      "location" : "https://github.com/apple/swift-asn1.git",
      "state" : {
        "revision" : "a9a5efd40eaf558a2bcd48d64b1d1646be686008",
        "version" : "1.7.1"
      }
    },
    {
      "identity" : "swift-crypto",
      "kind" : "remoteSourceControl",
      "location" : "https://github.com/apple/swift-crypto.git",
      "state" : {
        "revision" : "95ba0316a9b733e92bb6b071255ff46263bbe7dc",
        "version" : "3.15.1"
      }
    }
  ],
  "version" : 3
}
